<?xml version="1.0" encoding="utf-8"?>
<Project ToolsVersion="4.0" xmlns="http://schemas.microsoft.com/developer/msbuild/2003">
  <ItemGroup>
    <Filter Include="MainWindow">
      <UniqueIdentifier>{fbfbf022-2694-4952-afb8-a869b5a77372}</UniqueIdentifier>
    </Filter>
    <Filter Include="ImageLoader">
      <UniqueIdentifier>{5aa8518f-5a76-4436-bac5-1e03f664fede}</UniqueIdentifier>
    </Filter>
    <Filter Include="Controller">
      <UniqueIdentifier>{1069954c-6514-4c63-8731-358f1d384c7f}</UniqueIdentifier>
    </Filter>
    <Filter Include="GpuWorker">
      <UniqueIdentifier>{900b98cd-0227-4e8a-bf52-3b10bfc041ec}</UniqueIdentifier>
    </Filter>
    <Filter Include="GpuProcessor">
      <UniqueIdentifier>{051dc9f8-441e-4c69-bff0-32df61d6ece4}</UniqueIdentifier>
    </Filter>
    <Filter Include="GpuWorker\Job">
      <UniqueIdentifier>{be91ab82-4977-4ab2-85e0-50e9a0f690dc}</UniqueIdentifier>
    </Filter>
    <Filter Include="DisplayTypes">
      <UniqueIdentifier>{38849443-6900-4619-a5bb-383f5ad52217}</UniqueIdentifier>
    </Filter>
  </ItemGroup>
  <ItemGroup>
    <ClCompile Include="MainWindow\MainWindow.cpp">
      <Filter>MainWindow</Filter>
    </ClCompile>
    <ClCompile Include="main.cpp" />
    <ClCompile Include="ImageLoader\ImageLoader.cpp">
      <Filter>ImageLoader</Filter>
    </ClCompile>
    <ClCompile Include="Controller\Controller.cpp">
      <Filter>Controller</Filter>
    </ClCompile>
    <ClCompile Include="GpuWorker\AsyncGpuWorker.cpp">
      <Filter>GpuWorker</Filter>
    </ClCompile>
    <ClCompile Include="GpuProcessor\MotionViewProcessor.cpp">
      <Filter>GpuProcessor</Filter>
    </ClCompile>
    <ClCompile Include="GpuWorker\Job\GpuJob.cpp">
      <Filter>GpuWorker\Job</Filter>
    </ClCompile>
    <ClCompile Include="GpuWorker\GpuWorkerFactory.cpp">
      <Filter>GpuWorker</Filter>
    </ClCompile>
    <ClCompile Include="MainWindow\DebugFormatter.cpp">
      <Filter>MainWindow</Filter>
    </ClCompile>
    <ClCompile Include="MainWindow\QImageView.cpp">
      <Filter>MainWindow</Filter>
    </ClCompile>
  </ItemGroup>
  <ItemGroup>
    <QtMoc Include="Controller\Controller.h">
      <Filter>Controller</Filter>
    </QtMoc>
    <QtMoc Include="MainWindow\MainWindow.h">
      <Filter>MainWindow</Filter>
    </QtMoc>
    <QtMoc Include="MainWindow\QImageView.h">
      <Filter>MainWindow</Filter>
    </QtMoc>
  </ItemGroup>
  <ItemGroup>
    <ClInclude Include="ImageLoader\ImageLoader.h">
      <Filter>ImageLoader</Filter>
    </ClInclude>
    <ClInclude Include="GpuWorker\AsyncGpuWorker.h">
      <Filter>GpuWorker</Filter>
    </ClInclude>
    <ClInclude Include="GpuProcessor\MotionViewProcessor.h">
      <Filter>GpuProcessor</Filter>
    </ClInclude>
    <ClInclude Include="GpuWorker\Job\GpuJob.h">
      <Filter>GpuWorker\Job</Filter>
    </ClInclude>
    <ClInclude Include="DisplayTypes\DisplayTypes.h">
      <Filter>DisplayTypes</Filter>
    </ClInclude>
    <ClInclude Include="GpuWorker\GpuWorkerFactory.h">
      <Filter>GpuWorker</Filter>
    </ClInclude>
    <ClInclude Include="MainWindow\DebugFormatter.h">
      <Filter>MainWindow</Filter>
    </ClInclude>
  </ItemGroup>
</Project>