
Microsoft Visual Studio Solution File, Format Version 12.00
# Visual Studio Version 18
VisualStudioVersion = 18.5.11723.231
MinimumVisualStudioVersion = 10.0.40219.1
Project("{8BC9CEB8-8B4A-11D0-8D11-00A0C91BC942}") = "CudaAlgorithms", "CudaAlgorithms\CudaAlgorithms.vcxproj", "{B32CB206-5441-4209-A31A-17A3F5F7FF6D}"
EndProject
Project("{8BC9CEB8-8B4A-11D0-8D11-00A0C91BC942}") = "ImgProcCommon", "ImgProcCommon\ImgProcCommon.vcxproj", "{3EAD4A8C-E561-4B95-9D26-C8478B90F41C}"
EndProject
Project("{8BC9CEB8-8B4A-11D0-8D11-00A0C91BC942}") = "CudaBenchmark", "CudaBenchmark\CudaBenchmark.vcxproj", "{8206EBDE-B52E-4822-AF81-3628DD66E32B}"
EndProject
Project("{8BC9CEB8-8B4A-11D0-8D11-00A0C91BC942}") = "CudaProcessingCore", "CudaProcessingCore\CudaProcessingCore.vcxproj", "{F791E435-A3FA-4565-8242-844DF6A21391}"
EndProject
Project("{8BC9CEB8-8B4A-11D0-8D11-00A0C91BC942}") = "MotionScope", "MotionScope\MotionScope.vcxproj", "{F7D4596C-E9E4-4854-A733-AC4B16D5E240}"
EndProject
Project("{8BC9CEB8-8B4A-11D0-8D11-00A0C91BC942}") = "CudaCommon", "CudaCommon\CudaCommon.vcxproj", "{CF70D966-AAE0-4B46-86FC-353CBC927957}"
EndProject
Project("{8BC9CEB8-8B4A-11D0-8D11-00A0C91BC942}") = "MotionProcCommon", "MotionProcCommon\MotionProcCommon.vcxproj", "{726A5571-BF4C-4363-B8D4-CD05986F0B1F}"
EndProject
Project("{8BC9CEB8-8B4A-11D0-8D11-00A0C91BC942}") = "ProcessingGraph", "ProcessingGraph\ProcessingGraph.vcxproj", "{8484B442-AD0C-4030-A51E-CD3A96E1DB1D}"
EndProject
Project("{8BC9CEB8-8B4A-11D0-8D11-00A0C91BC942}") = "CudaMotionGraph", "CudaMotionGraph\CudaMotionGraph.vcxproj", "{9DEB2D14-BC60-4E38-A939-AB002213FEF2}"
EndProject
Global
	GlobalSection(SolutionConfigurationPlatforms) = preSolution
		Debug|x64 = Debug|x64
		Debug|x86 = Debug|x86
		Release|x64 = Release|x64
		Release|x86 = Release|x86
	EndGlobalSection
	GlobalSection(ProjectConfigurationPlatforms) = postSolution
		{B32CB206-5441-4209-A31A-17A3F5F7FF6D}.Debug|x64.ActiveCfg = Debug|x64
		{B32CB206-5441-4209-A31A-17A3F5F7FF6D}.Debug|x64.Build.0 = Debug|x64
		{B32CB206-5441-4209-A31A-17A3F5F7FF6D}.Debug|x86.ActiveCfg = Debug|Win32
		{B32CB206-5441-4209-A31A-17A3F5F7FF6D}.Debug|x86.Build.0 = Debug|Win32
		{B32CB206-5441-4209-A31A-17A3F5F7FF6D}.Release|x64.ActiveCfg = Release|x64
		{B32CB206-5441-4209-A31A-17A3F5F7FF6D}.Release|x64.Build.0 = Release|x64
		{B32CB206-5441-4209-A31A-17A3F5F7FF6D}.Release|x86.ActiveCfg = Release|Win32
		{B32CB206-5441-4209-A31A-17A3F5F7FF6D}.Release|x86.Build.0 = Release|Win32
		{3EAD4A8C-E561-4B95-9D26-C8478B90F41C}.Debug|x64.ActiveCfg = Debug|x64
		{3EAD4A8C-E561-4B95-9D26-C8478B90F41C}.Debug|x64.Build.0 = Debug|x64
		{3EAD4A8C-E561-4B95-9D26-C8478B90F41C}.Debug|x86.ActiveCfg = Debug|Win32
		{3EAD4A8C-E561-4B95-9D26-C8478B90F41C}.Debug|x86.Build.0 = Debug|Win32
		{3EAD4A8C-E561-4B95-9D26-C8478B90F41C}.Release|x64.ActiveCfg = Release|x64
		{3EAD4A8C-E561-4B95-9D26-C8478B90F41C}.Release|x64.Build.0 = Release|x64
		{3EAD4A8C-E561-4B95-9D26-C8478B90F41C}.Release|x86.ActiveCfg = Release|Win32
		{3EAD4A8C-E561-4B95-9D26-C8478B90F41C}.Release|x86.Build.0 = Release|Win32
		{8206EBDE-B52E-4822-AF81-3628DD66E32B}.Debug|x64.ActiveCfg = Debug|x64
		{8206EBDE-B52E-4822-AF81-3628DD66E32B}.Debug|x64.Build.0 = Debug|x64
		{8206EBDE-B52E-4822-AF81-3628DD66E32B}.Debug|x86.ActiveCfg = Debug|Win32
		{8206EBDE-B52E-4822-AF81-3628DD66E32B}.Debug|x86.Build.0 = Debug|Win32
		{8206EBDE-B52E-4822-AF81-3628DD66E32B}.Release|x64.ActiveCfg = Release|x64
		{8206EBDE-B52E-4822-AF81-3628DD66E32B}.Release|x64.Build.0 = Release|x64
		{8206EBDE-B52E-4822-AF81-3628DD66E32B}.Release|x86.ActiveCfg = Release|Win32
		{8206EBDE-B52E-4822-AF81-3628DD66E32B}.Release|x86.Build.0 = Release|Win32
		{F791E435-A3FA-4565-8242-844DF6A21391}.Debug|x64.ActiveCfg = Debug|x64
		{F791E435-A3FA-4565-8242-844DF6A21391}.Debug|x64.Build.0 = Debug|x64
		{F791E435-A3FA-4565-8242-844DF6A21391}.Debug|x86.ActiveCfg = Debug|Win32
		{F791E435-A3FA-4565-8242-844DF6A21391}.Debug|x86.Build.0 = Debug|Win32
		{F791E435-A3FA-4565-8242-844DF6A21391}.Release|x64.ActiveCfg = Release|x64
		{F791E435-A3FA-4565-8242-844DF6A21391}.Release|x64.Build.0 = Release|x64
		{F791E435-A3FA-4565-8242-844DF6A21391}.Release|x86.ActiveCfg = Release|Win32
		{F791E435-A3FA-4565-8242-844DF6A21391}.Release|x86.Build.0 = Release|Win32
		{F7D4596C-E9E4-4854-A733-AC4B16D5E240}.Debug|x64.ActiveCfg = Debug|x64
		{F7D4596C-E9E4-4854-A733-AC4B16D5E240}.Debug|x64.Build.0 = Debug|x64
		{F7D4596C-E9E4-4854-A733-AC4B16D5E240}.Debug|x86.ActiveCfg = Debug|x64
		{F7D4596C-E9E4-4854-A733-AC4B16D5E240}.Debug|x86.Build.0 = Debug|x64
		{F7D4596C-E9E4-4854-A733-AC4B16D5E240}.Release|x64.ActiveCfg = Release|x64
		{F7D4596C-E9E4-4854-A733-AC4B16D5E240}.Release|x64.Build.0 = Release|x64
		{F7D4596C-E9E4-4854-A733-AC4B16D5E240}.Release|x86.ActiveCfg = Release|x64
		{F7D4596C-E9E4-4854-A733-AC4B16D5E240}.Release|x86.Build.0 = Release|x64
		{CF70D966-AAE0-4B46-86FC-353CBC927957}.Debug|x64.ActiveCfg = Debug|x64
		{CF70D966-AAE0-4B46-86FC-353CBC927957}.Debug|x64.Build.0 = Debug|x64
		{CF70D966-AAE0-4B46-86FC-353CBC927957}.Debug|x86.ActiveCfg = Debug|Win32
		{CF70D966-AAE0-4B46-86FC-353CBC927957}.Debug|x86.Build.0 = Debug|Win32
		{CF70D966-AAE0-4B46-86FC-353CBC927957}.Release|x64.ActiveCfg = Release|x64
		{CF70D966-AAE0-4B46-86FC-353CBC927957}.Release|x64.Build.0 = Release|x64
		{CF70D966-AAE0-4B46-86FC-353CBC927957}.Release|x86.ActiveCfg = Release|Win32
		{CF70D966-AAE0-4B46-86FC-353CBC927957}.Release|x86.Build.0 = Release|Win32
		{726A5571-BF4C-4363-B8D4-CD05986F0B1F}.Debug|x64.ActiveCfg = Debug|x64
		{726A5571-BF4C-4363-B8D4-CD05986F0B1F}.Debug|x64.Build.0 = Debug|x64
		{726A5571-BF4C-4363-B8D4-CD05986F0B1F}.Debug|x86.ActiveCfg = Debug|Win32
		{726A5571-BF4C-4363-B8D4-CD05986F0B1F}.Debug|x86.Build.0 = Debug|Win32
		{726A5571-BF4C-4363-B8D4-CD05986F0B1F}.Release|x64.ActiveCfg = Release|x64
		{726A5571-BF4C-4363-B8D4-CD05986F0B1F}.Release|x64.Build.0 = Release|x64
		{726A5571-BF4C-4363-B8D4-CD05986F0B1F}.Release|x86.ActiveCfg = Release|Win32
		{726A5571-BF4C-4363-B8D4-CD05986F0B1F}.Release|x86.Build.0 = Release|Win32
		{8484B442-AD0C-4030-A51E-CD3A96E1DB1D}.Debug|x64.ActiveCfg = Debug|x64
		{8484B442-AD0C-4030-A51E-CD3A96E1DB1D}.Debug|x64.Build.0 = Debug|x64
		{8484B442-AD0C-4030-A51E-CD3A96E1DB1D}.Debug|x86.ActiveCfg = Debug|Win32
		{8484B442-AD0C-4030-A51E-CD3A96E1DB1D}.Debug|x86.Build.0 = Debug|Win32
		{8484B442-AD0C-4030-A51E-CD3A96E1DB1D}.Release|x64.ActiveCfg = Release|x64
		{8484B442-AD0C-4030-A51E-CD3A96E1DB1D}.Release|x64.Build.0 = Release|x64
		{8484B442-AD0C-4030-A51E-CD3A96E1DB1D}.Release|x86.ActiveCfg = Release|Win32
		{8484B442-AD0C-4030-A51E-CD3A96E1DB1D}.Release|x86.Build.0 = Release|Win32
		{9DEB2D14-BC60-4E38-A939-AB002213FEF2}.Debug|x64.ActiveCfg = Debug|x64
		{9DEB2D14-BC60-4E38-A939-AB002213FEF2}.Debug|x64.Build.0 = Debug|x64
		{9DEB2D14-BC60-4E38-A939-AB002213FEF2}.Debug|x86.ActiveCfg = Debug|Win32
		{9DEB2D14-BC60-4E38-A939-AB002213FEF2}.Debug|x86.Build.0 = Debug|Win32
		{9DEB2D14-BC60-4E38-A939-AB002213FEF2}.Release|x64.ActiveCfg = Release|x64
		{9DEB2D14-BC60-4E38-A939-AB002213FEF2}.Release|x64.Build.0 = Release|x64
		{9DEB2D14-BC60-4E38-A939-AB002213FEF2}.Release|x86.ActiveCfg = Release|Win32
		{9DEB2D14-BC60-4E38-A939-AB002213FEF2}.Release|x86.Build.0 = Release|Win32
	EndGlobalSection
	GlobalSection(SolutionProperties) = preSolution
		HideSolutionNode = FALSE
	EndGlobalSection
	GlobalSection(ExtensibilityGlobals) = postSolution
		SolutionGuid = {962EFDCE-1E36-4AF7-AD68-8A731087EB21}
	EndGlobalSection
EndGlobal
