<?xml version="1.0" encoding="utf-8"?>
<Project ToolsVersion="4.0" xmlns="http://schemas.microsoft.com/developer/msbuild/2003">
  <ItemGroup>
    <Filter Include="Cuda">
      <UniqueIdentifier>{d43448ba-b26b-4048-bdc3-a028eeb8bb90}</UniqueIdentifier>
    </Filter>
    <Filter Include="Cuda\Image">
      <UniqueIdentifier>{e04f62f0-be9b-47e4-9895-6304275f4497}</UniqueIdentifier>
    </Filter>
    <Filter Include="Cuda\Profiler">
      <UniqueIdentifier>{a850caf2-64b0-4280-b541-3259c3ed784b}</UniqueIdentifier>
    </Filter>
  </ItemGroup>
  <ItemGroup>
    <ClInclude Include="Cuda\KernelContext.h">
      <Filter>Cuda</Filter>
    </ClInclude>
    <ClInclude Include="Cuda\CudaCheck.h">
      <Filter>Cuda</Filter>
    </ClInclude>
    <ClInclude Include="Cuda\TimedCudaCall.h">
      <Filter>Cuda</Filter>
    </ClInclude>
    <ClInclude Include="Cuda\MathUtils.h">
      <Filter>Cuda</Filter>
    </ClInclude>
    <ClInclude Include="Cuda\Image\GpuImageTransfer.h">
      <Filter>Cuda\Image</Filter>
    </ClInclude>
    <ClInclude Include="Cuda\Image\GpuImageView.h">
      <Filter>Cuda\Image</Filter>
    </ClInclude>
    <ClInclude Include="Cuda\Image\ImageGPU.h">
      <Filter>Cuda\Image</Filter>
    </ClInclude>
    <ClInclude Include="Cuda\Profiler\GpuEvent.h">
      <Filter>Cuda\Profiler</Filter>
    </ClInclude>
    <ClInclude Include="Cuda\Profiler\GpuProfiler.h">
      <Filter>Cuda\Profiler</Filter>
    </ClInclude>
    <ClInclude Include="Cuda\Profiler\GpuProfileResult.h">
      <Filter>Cuda\Profiler</Filter>
    </ClInclude>
    <ClInclude Include="Cuda\Profiler\IGpuProfiler.h">
      <Filter>Cuda\Profiler</Filter>
    </ClInclude>
  </ItemGroup>
  <ItemGroup>
    <ClCompile Include="Cuda\Profiler\GpuEvent.cpp">
      <Filter>Cuda\Profiler</Filter>
    </ClCompile>
    <ClCompile Include="Cuda\Profiler\GpuProfiler.cpp">
      <Filter>Cuda\Profiler</Filter>
    </ClCompile>
  </ItemGroup>
</Project>