<?xml version="1.0" encoding="utf-8"?>
<Project ToolsVersion="4.0" xmlns="http://schemas.microsoft.com/developer/msbuild/2003">
  <ItemGroup>
    <Filter Include="Profiler">
      <UniqueIdentifier>{20b066b3-989c-406d-a5b2-1f989a914967}</UniqueIdentifier>
    </Filter>
    <Filter Include="DeviceImage">
      <UniqueIdentifier>{e9364423-5626-4c67-87e3-8bb20b41d594}</UniqueIdentifier>
    </Filter>
    <Filter Include="GpuProcessor">
      <UniqueIdentifier>{a20154ec-d9cb-45f0-9745-023b2f5fb7ec}</UniqueIdentifier>
    </Filter>
  </ItemGroup>
  <ItemGroup>
    <ClInclude Include="DeviceImage\ImageGPU.h">
      <Filter>DeviceImage</Filter>
    </ClInclude>
    <ClInclude Include="GpuProcessor\IMotionGpuProcessor.h">
      <Filter>GpuProcessor</Filter>
    </ClInclude>
    <ClInclude Include="GpuProcessor\MotionGpuProcessor.h">
      <Filter>GpuProcessor</Filter>
    </ClInclude>
    <ClInclude Include="DeviceImage\ImageTransfer.h">
      <Filter>DeviceImage</Filter>
    </ClInclude>
  </ItemGroup>
  <ItemGroup>
    <ClCompile Include="GpuProcessor\MotionGpuProcessor.cpp">
      <Filter>GpuProcessor</Filter>
    </ClCompile>
  </ItemGroup>
</Project>