<?xml version="1.0" encoding="utf-8"?>
<Project ToolsVersion="4.0" xmlns="http://schemas.microsoft.com/developer/msbuild/2003">
  <ItemGroup>
    <Filter Include="Profiler">
      <UniqueIdentifier>{20b066b3-989c-406d-a5b2-1f989a914967}</UniqueIdentifier>
    </Filter>
    <Filter Include="DeviceImage">
      <UniqueIdentifier>{e9364423-5626-4c67-87e3-8bb20b41d594}</UniqueIdentifier>
    </Filter>
    <Filter Include="GpuProcessor">
      <UniqueIdentifier>{a20154ec-d9cb-45f0-9745-023b2f5fb7ec}</UniqueIdentifier>
    </Filter>
    <Filter Include="GpuProcessor\State">
      <UniqueIdentifier>{3ae3f02f-cf9e-4e7a-bdb4-b22b3f7f63d5}</UniqueIdentifier>
    </Filter>
    <Filter Include="GpuProcessor\ViewRenderer">
      <UniqueIdentifier>{0be6b97f-e5a0-4998-a059-37b9c49b6cee}</UniqueIdentifier>
    </Filter>
  </ItemGroup>
  <ItemGroup>
    <ClInclude Include="DeviceImage\ImageGPU.h">
      <Filter>DeviceImage</Filter>
    </ClInclude>
    <ClInclude Include="DeviceImage\GpuImageTransfer.h">
      <Filter>DeviceImage</Filter>
    </ClInclude>
    <ClInclude Include="GpuProcessor\State\MotionGpuPipelineState.h">
      <Filter>GpuProcessor\State</Filter>
    </ClInclude>
    <ClInclude Include="GpuProcessor\State\IMotionGpuPipelineState.h">
      <Filter>GpuProcessor\State</Filter>
    </ClInclude>
    <ClInclude Include="GpuProcessor\ViewRenderer\IMotionViewRenderer.h">
      <Filter>GpuProcessor\ViewRenderer</Filter>
    </ClInclude>
    <ClInclude Include="GpuProcessor\ViewRenderer\ViewType.h">
      <Filter>GpuProcessor\ViewRenderer</Filter>
    </ClInclude>
    <ClInclude Include="GpuProcessor\IMotionViewProcessor.h">
      <Filter>GpuProcessor</Filter>
    </ClInclude>
    <ClInclude Include="DeviceImage\GpuImageView.h">
      <Filter>DeviceImage</Filter>
    </ClInclude>
  </ItemGroup>
  <ItemGroup>
    <ClCompile Include="GpuProcessor\State\MotionGpuPipelineState.cpp">
      <Filter>GpuProcessor\State</Filter>
    </ClCompile>
    <ClCompile Include="GpuProcessor\ViewRenderer\MotionViewRenderer.cpp">
      <Filter>GpuProcessor\ViewRenderer</Filter>
    </ClCompile>
    <ClCompile Include="GpuProcessor\MotionViewProcessor.cpp">
      <Filter>GpuProcessor</Filter>
    </ClCompile>
  </ItemGroup>
</Project>