<?xml version="1.0" encoding="utf-8"?>
<Project ToolsVersion="4.0" xmlns="http://schemas.microsoft.com/developer/msbuild/2003">
  <ItemGroup>
    <Filter Include="Common">
      <UniqueIdentifier>{dbbb8a0a-ca8d-4104-b0a4-d6e85bd85b46}</UniqueIdentifier>
    </Filter>
    <Filter Include="Cuda">
      <UniqueIdentifier>{0f695aca-d4ff-4d19-8768-0c6043b673d1}</UniqueIdentifier>
    </Filter>
  </ItemGroup>
  <ItemGroup>
    <ClCompile Include="Cuda\KernelCommon.cpp">
      <Filter>Cuda</Filter>
    </ClCompile>
  </ItemGroup>
  <ItemGroup>
    <ClInclude Include="Common\Common.h">
      <Filter>Common</Filter>
    </ClInclude>
    <ClInclude Include="Cuda\Common.cuh">
      <Filter>Cuda</Filter>
    </ClInclude>
    <ClInclude Include="Cuda\Filter.h">
      <Filter>Cuda</Filter>
    </ClInclude>
    <ClInclude Include="Cuda\Motion.h">
      <Filter>Cuda</Filter>
    </ClInclude>
    <ClInclude Include="Cuda\Reduction.cuh">
      <Filter>Cuda</Filter>
    </ClInclude>
    <ClInclude Include="Common\TypesCheck.h">
      <Filter>Common</Filter>
    </ClInclude>
    <ClInclude Include="Cuda\KernelCommon.h">
      <Filter>Cuda</Filter>
    </ClInclude>
  </ItemGroup>
  <ItemGroup>
    <CudaCompile Include="Cuda\Filter.cu">
      <Filter>Cuda</Filter>
    </CudaCompile>
    <CudaCompile Include="Cuda\Motion.cu">
      <Filter>Cuda</Filter>
    </CudaCompile>
    <CudaCompile Include="Cuda\Reduction.cu">
      <Filter>Cuda</Filter>
    </CudaCompile>
  </ItemGroup>
</Project>