<?xml version="1.0" encoding="utf-8"?>
<Project ToolsVersion="4.0" xmlns="http://schemas.microsoft.com/developer/msbuild/2003">
  <ItemGroup>
    <Filter Include="Port">
      <UniqueIdentifier>{7fe89338-8965-488c-8e90-f5c8f3535cbc}</UniqueIdentifier>
    </Filter>
    <Filter Include="Node">
      <UniqueIdentifier>{eb12dd4e-35d4-45ba-87d3-9ce41c8d5703}</UniqueIdentifier>
    </Filter>
    <Filter Include="Context">
      <UniqueIdentifier>{ebd120ba-5dec-4c78-b155-56030f9d64f4}</UniqueIdentifier>
    </Filter>
    <Filter Include="Graph">
      <UniqueIdentifier>{1d032175-c349-4a30-988a-0a13329a420c}</UniqueIdentifier>
    </Filter>
    <Filter Include="Pipeline">
      <UniqueIdentifier>{b4440476-ce48-4a6f-a6c4-19d85770e738}</UniqueIdentifier>
    </Filter>
    <Filter Include="Pipeline\Nodes">
      <UniqueIdentifier>{057ca679-b74b-4aad-8f41-fbb9b4e3b0d3}</UniqueIdentifier>
    </Filter>
    <Filter Include="Common">
      <UniqueIdentifier>{3c62d538-69c0-4047-8719-acd696894f59}</UniqueIdentifier>
    </Filter>
    <Filter Include="Memory">
      <UniqueIdentifier>{cbb70972-5136-4857-8a0f-cad5d8795f37}</UniqueIdentifier>
    </Filter>
    <Filter Include="Resource">
      <UniqueIdentifier>{2e73aa7f-aafe-407c-93b3-290f5f67f62f}</UniqueIdentifier>
    </Filter>
    <Filter Include="Resource\Planner">
      <UniqueIdentifier>{4fdc56de-842e-4f4e-82f4-f9d6bb748bde}</UniqueIdentifier>
    </Filter>
    <Filter Include="Resource\Registry">
      <UniqueIdentifier>{1c06d9a7-06ba-4e0c-a877-7e2bb61119db}</UniqueIdentifier>
    </Filter>
    <Filter Include="Resource\Workspace">
      <UniqueIdentifier>{2c2cae7f-0075-4322-ac97-3a73a7fbadb1}</UniqueIdentifier>
    </Filter>
    <Filter Include="Resource\Facade">
      <UniqueIdentifier>{8f2a8582-b1e2-4dbb-8de4-4ac856fcf6fc}</UniqueIdentifier>
    </Filter>
  </ItemGroup>
  <ItemGroup>
    <ClInclude Include="Port\ParamPort.h">
      <Filter>Port</Filter>
    </ClInclude>
    <ClInclude Include="Port\IPortListener.h">
      <Filter>Port</Filter>
    </ClInclude>
    <ClInclude Include="Node\Node.h">
      <Filter>Node</Filter>
    </ClInclude>
    <ClInclude Include="Context\CudaExecutionContext.h">
      <Filter>Context</Filter>
    </ClInclude>
    <ClInclude Include="Graph\NodeChangeListener.h">
      <Filter>Graph</Filter>
    </ClInclude>
    <ClInclude Include="Pipeline\Nodes\BlockMatchingNode.h">
      <Filter>Pipeline\Nodes</Filter>
    </ClInclude>
    <ClInclude Include="Port\IPortRegistry.h">
      <Filter>Port</Filter>
    </ClInclude>
    <ClInclude Include="Common\Id.h">
      <Filter>Common</Filter>
    </ClInclude>
    <ClInclude Include="Graph\PortGraph.h">
      <Filter>Graph</Filter>
    </ClInclude>
    <ClInclude Include="Pipeline\Nodes\UploadNode.h">
      <Filter>Pipeline\Nodes</Filter>
    </ClInclude>
    <ClInclude Include="Port\ResourcePort.h">
      <Filter>Port</Filter>
    </ClInclude>
    <ClInclude Include="Port\PortBase.h">
      <Filter>Port</Filter>
    </ClInclude>
    <ClInclude Include="Port\PortType.h">
      <Filter>Port</Filter>
    </ClInclude>
    <ClInclude Include="Memory\PinnedHostMemory.h">
      <Filter>Memory</Filter>
    </ClInclude>
    <ClInclude Include="Memory\PinnedImagePool.h">
      <Filter>Memory</Filter>
    </ClInclude>
    <ClInclude Include="Resource\Planner\GpuResourceLayoutPlanner.h">
      <Filter>Resource\Planner</Filter>
    </ClInclude>
    <ClInclude Include="Resource\Id.h">
      <Filter>Resource</Filter>
    </ClInclude>
    <ClInclude Include="Memory\CudaDeviceMemory.h">
      <Filter>Memory</Filter>
    </ClInclude>
    <ClInclude Include="Resource\ResourceDesc.h">
      <Filter>Resource</Filter>
    </ClInclude>
    <ClInclude Include="Resource\Registry\ResourceRegistry.h">
      <Filter>Resource\Registry</Filter>
    </ClInclude>
    <ClInclude Include="Resource\Registry\IResourceRegistry.h">
      <Filter>Resource\Registry</Filter>
    </ClInclude>
    <ClInclude Include="Resource\Registry\ResourceTraits.h">
      <Filter>Resource\Registry</Filter>
    </ClInclude>
    <ClInclude Include="Resource\Planner\WorkspaceLayout.h">
      <Filter>Resource\Planner</Filter>
    </ClInclude>
    <ClInclude Include="Resource\Workspace\CudaWorkspace.h">
      <Filter>Resource\Workspace</Filter>
    </ClInclude>
    <ClInclude Include="Resource\Registry\UntypedResourceView.h">
      <Filter>Resource\Registry</Filter>
    </ClInclude>
    <ClInclude Include="Resource\Registry\ResourceRequest.h">
      <Filter>Resource\Registry</Filter>
    </ClInclude>
    <ClInclude Include="Resource\Facade\GraphResources.h">
      <Filter>Resource\Facade</Filter>
    </ClInclude>
    <ClInclude Include="Resource\MemoryDomain.h">
      <Filter>Resource</Filter>
    </ClInclude>
    <ClInclude Include="Pipeline\Nodes\DownloadNode.h">
      <Filter>Pipeline\Nodes</Filter>
    </ClInclude>
    <ClInclude Include="Pipeline\Nodes\StatsCollectorNode.h">
      <Filter>Pipeline\Nodes</Filter>
    </ClInclude>
    <ClInclude Include="Graph\Graph.h">
      <Filter>Graph</Filter>
    </ClInclude>
    <ClInclude Include="Node\NodeBuildContext.h">
      <Filter>Node</Filter>
    </ClInclude>
    <ClInclude Include="Graph\GraphComposer.h">
      <Filter>Graph</Filter>
    </ClInclude>
    <ClInclude Include="Graph\GraphRuntime.h">
      <Filter>Graph</Filter>
    </ClInclude>
    <ClInclude Include="Node\NodeDefinition.h">
      <Filter>Node</Filter>
    </ClInclude>
  </ItemGroup>
  <ItemGroup>
    <ClCompile Include="Node\Node.cpp">
      <Filter>Node</Filter>
    </ClCompile>
    <ClCompile Include="Pipeline\Nodes\BlockMatchingNode.cpp">
      <Filter>Pipeline\Nodes</Filter>
    </ClCompile>
    <ClCompile Include="Graph\PortGraph.cpp">
      <Filter>Graph</Filter>
    </ClCompile>
    <ClCompile Include="Pipeline\Nodes\UploadNode.cpp">
      <Filter>Pipeline\Nodes</Filter>
    </ClCompile>
    <ClCompile Include="Port\ResourcePort.cpp">
      <Filter>Port</Filter>
    </ClCompile>
    <ClCompile Include="Port\PortBase.cpp">
      <Filter>Port</Filter>
    </ClCompile>
    <ClCompile Include="Memory\PinnedHostMemory.cpp">
      <Filter>Memory</Filter>
    </ClCompile>
    <ClCompile Include="Resource\Planner\GpuResourceLayoutPlanner.cpp">
      <Filter>Resource\Planner</Filter>
    </ClCompile>
    <ClCompile Include="Memory\CudaDeviceMemory.cpp">
      <Filter>Memory</Filter>
    </ClCompile>
    <ClCompile Include="Resource\Registry\ResourceRegistry.cpp">
      <Filter>Resource\Registry</Filter>
    </ClCompile>
    <ClCompile Include="Resource\Workspace\CudaWorkspace.cpp">
      <Filter>Resource\Workspace</Filter>
    </ClCompile>
    <ClCompile Include="Resource\Facade\GraphResources.cpp">
      <Filter>Resource\Facade</Filter>
    </ClCompile>
    <ClCompile Include="Pipeline\Nodes\DownloadNode.cpp">
      <Filter>Pipeline\Nodes</Filter>
    </ClCompile>
    <ClCompile Include="Pipeline\Nodes\StatsCollectorNode.cpp">
      <Filter>Pipeline\Nodes</Filter>
    </ClCompile>
    <ClCompile Include="Graph\Graph.cpp">
      <Filter>Graph</Filter>
    </ClCompile>
    <ClCompile Include="Graph\GraphComposer.cpp">
      <Filter>Graph</Filter>
    </ClCompile>
    <ClCompile Include="Graph\GraphRuntime.cpp">
      <Filter>Graph</Filter>
    </ClCompile>
  </ItemGroup>
</Project>