<?xml version="1.0" encoding="utf-8"?>
<Project ToolsVersion="4.0" xmlns="http://schemas.microsoft.com/developer/msbuild/2003">
  <ItemGroup>
    <Filter Include="Motion">
      <UniqueIdentifier>{44a10425-8f68-4a8f-acb9-1a0bc401b8c0}</UniqueIdentifier>
    </Filter>
    <Filter Include="Motion\Debug">
      <UniqueIdentifier>{6d9a2216-6af6-4253-8221-2fa16438587d}</UniqueIdentifier>
    </Filter>
  </ItemGroup>
  <ItemGroup>
    <ClInclude Include="Motion\Debug\Callback.h">
      <Filter>Motion\Debug</Filter>
    </ClInclude>
    <ClInclude Include="Motion\Debug\Stats.h">
      <Filter>Motion\Debug</Filter>
    </ClInclude>
  </ItemGroup>
</Project>