<?xml version="1.0" encoding="utf-8"?>
<Project ToolsVersion="4.0" xmlns="http://schemas.microsoft.com/developer/msbuild/2003">
  <ItemGroup>
    <Filter Include="Debug">
      <UniqueIdentifier>{95456840-9eda-45c3-b47e-2914509ca0c4}</UniqueIdentifier>
    </Filter>
  </ItemGroup>
  <ItemGroup>
    <ClInclude Include="Debug\Formatter.h">
      <Filter>Debug</Filter>
    </ClInclude>
    <ClInclude Include="Debug\StateSnapshotProvider.h">
      <Filter>Debug</Filter>
    </ClInclude>
    <ClInclude Include="Debug\StateField.h">
      <Filter>Debug</Filter>
    </ClInclude>
  </ItemGroup>
</Project>